
Microsoft Visual Studio Solution File, Format Version 12.00
# Visual Studio Version 17
VisualStudioVersion = 17.7.34031.279
MinimumVisualStudioVersion = 10.0.40219.1
Project("{2150E333-8FDC-42A3-9474-1A3956D46DE8}") = "Task0", "Task0", "{02950BCD-2D94-4E83-8B7A-D3275531C424}"
EndProject
Project("{FAE04EC0-301F-11D3-BF4B-00C04F79EFBC}") = "Tyuiu.SpirinAA.Sprint6.Task0.V5.Lib", "Tyuiu.SpirinAA.Sprint6.Task0.V5.Lib\Tyuiu.SpirinAA.Sprint6.Task0.V5.Lib.csproj", "{260BEC8F-831F-4DF2-ADE0-662D5D870719}"
EndProject
Project("{FAE04EC0-301F-11D3-BF4B-00C04F79EFBC}") = "Tyuiu.SpirinAA.Sprint6.Task0.V5.Test", "Tyuiu.SpirinAA.Sprint6.Task0.V5.Test\Tyuiu.SpirinAA.Sprint6.Task0.V5.Test.csproj", "{BF19D730-4300-4934-A744-605AAECD13F8}"
EndProject
Project("{FAE04EC0-301F-11D3-BF4B-00C04F79EFBC}") = "Tyuiu.SpirinAA.Sprint6.Task0.V5", "Tyuiu.SpirinAA.Sprint6.Task0.V5\Tyuiu.SpirinAA.Sprint6.Task0.V5.csproj", "{2DA33EF4-129E-47D5-93A5-54E9B24F5615}"
EndProject
Project("{2150E333-8FDC-42A3-9474-1A3956D46DE8}") = "Task1", "Task1", "{FE7CC288-1ABB-4454-B3C9-F4EFA95FA3F7}"
EndProject
Project("{FAE04EC0-301F-11D3-BF4B-00C04F79EFBC}") = "Tyuiu.SpirinAA.Sprint6.Task1.V5.Lib", "Tyuiu.SpirinAA.Sprint6.Task1.V5.Lib\Tyuiu.SpirinAA.Sprint6.Task1.V5.Lib.csproj", "{39494582-49EE-4205-9B35-1E1B2AE87DE8}"
EndProject
Project("{FAE04EC0-301F-11D3-BF4B-00C04F79EFBC}") = "Tyuiu.SpirinAA.Sprint6.Task1.V5.Test", "Tyuiu.SpirinAA.Sprint6.Task1.V5.Test\Tyuiu.SpirinAA.Sprint6.Task1.V5.Test.csproj", "{B09024AB-FE9D-414B-84B9-E7AC26DB2F4E}"
EndProject
Project("{FAE04EC0-301F-11D3-BF4B-00C04F79EFBC}") = "Tyuiu.SpirinAA.Sprint6.Task1.V5", "Tyuiu.SpirinAA.Sprint6.Task1.V5\Tyuiu.SpirinAA.Sprint6.Task1.V5.csproj", "{278C2C95-8A34-4398-ADBC-61A886F7C9DF}"
EndProject
Project("{2150E333-8FDC-42A3-9474-1A3956D46DE8}") = "Task2", "Task2", "{F5E80864-890D-434F-A9F1-FCEDD63C1B15}"
EndProject
Project("{FAE04EC0-301F-11D3-BF4B-00C04F79EFBC}") = "Tyuiu.SpirinAA.Sprint6.Task2.V13.Lib", "Tyuiu.SpirinAA.Sprint6.Task2.V13.Lib\Tyuiu.SpirinAA.Sprint6.Task2.V13.Lib.csproj", "{B80C2ED4-EB6D-457A-A9E6-193517EFD371}"
EndProject
Project("{FAE04EC0-301F-11D3-BF4B-00C04F79EFBC}") = "Tyuiu.SpirinAA.Sprint6.Task2.V13.Test", "Tyuiu.SpirinAA.Sprint6.Task2.V13.Test\Tyuiu.SpirinAA.Sprint6.Task2.V13.Test.csproj", "{256339A0-BCDD-4C14-9AD3-38E965C0C924}"
EndProject
Project("{FAE04EC0-301F-11D3-BF4B-00C04F79EFBC}") = "Tyuiu.SpirinAA.Sprint6.Task2.V13", "Tyuiu.SpirinAA.Sprint6.Task2.V13\Tyuiu.SpirinAA.Sprint6.Task2.V13.csproj", "{5D3AE7AC-07D0-4A64-B331-0412BB3D6649}"
EndProject
Project("{2150E333-8FDC-42A3-9474-1A3956D46DE8}") = "Task3", "Task3", "{C4A1D90C-28B3-4BBE-B6C7-904D4CA74B9C}"
EndProject
Project("{FAE04EC0-301F-11D3-BF4B-00C04F79EFBC}") = "Tyuiu.SpirinAA.Sprint6.Task3.V7.Test", "Tyuiu.SpirinAA.Sprint6.Task3.V7.Test\Tyuiu.SpirinAA.Sprint6.Task3.V7.Test.csproj", "{0C214555-393E-4F00-B446-96319BE0BBA2}"
EndProject
Project("{FAE04EC0-301F-11D3-BF4B-00C04F79EFBC}") = "Tyuiu.SpirinAA.Sprint6.Task3.V7.Lib", "Tyuiu.SpirinAA.Sprint6.Task3.V7.Lib\Tyuiu.SpirinAA.Sprint6.Task3.V7.Lib.csproj", "{60A74091-A370-431D-B5CA-3877C0F2FE80}"
EndProject
Project("{FAE04EC0-301F-11D3-BF4B-00C04F79EFBC}") = "Tyuiu.SpirinAA.Sprint6.Task3.V7", "Tyuiu.SpirinAA.Sprint6.Task3.V7\Tyuiu.SpirinAA.Sprint6.Task3.V7.csproj", "{A133DB93-836E-417A-A3F7-F3EE92882944}"
EndProject
Global
	GlobalSection(SolutionConfigurationPlatforms) = preSolution
		Debug|Any CPU = Debug|Any CPU
		Release|Any CPU = Release|Any CPU
	EndGlobalSection
	GlobalSection(ProjectConfigurationPlatforms) = postSolution
		{260BEC8F-831F-4DF2-ADE0-662D5D870719}.Debug|Any CPU.ActiveCfg = Debug|Any CPU
		{260BEC8F-831F-4DF2-ADE0-662D5D870719}.Debug|Any CPU.Build.0 = Debug|Any CPU
		{260BEC8F-831F-4DF2-ADE0-662D5D870719}.Release|Any CPU.ActiveCfg = Release|Any CPU
		{260BEC8F-831F-4DF2-ADE0-662D5D870719}.Release|Any CPU.Build.0 = Release|Any CPU
		{BF19D730-4300-4934-A744-605AAECD13F8}.Debug|Any CPU.ActiveCfg = Debug|Any CPU
		{BF19D730-4300-4934-A744-605AAECD13F8}.Debug|Any CPU.Build.0 = Debug|Any CPU
		{BF19D730-4300-4934-A744-605AAECD13F8}.Release|Any CPU.ActiveCfg = Release|Any CPU
		{BF19D730-4300-4934-A744-605AAECD13F8}.Release|Any CPU.Build.0 = Release|Any CPU
		{2DA33EF4-129E-47D5-93A5-54E9B24F5615}.Debug|Any CPU.ActiveCfg = Debug|Any CPU
		{2DA33EF4-129E-47D5-93A5-54E9B24F5615}.Debug|Any CPU.Build.0 = Debug|Any CPU
		{2DA33EF4-129E-47D5-93A5-54E9B24F5615}.Release|Any CPU.ActiveCfg = Release|Any CPU
		{2DA33EF4-129E-47D5-93A5-54E9B24F5615}.Release|Any CPU.Build.0 = Release|Any CPU
		{39494582-49EE-4205-9B35-1E1B2AE87DE8}.Debug|Any CPU.ActiveCfg = Debug|Any CPU
		{39494582-49EE-4205-9B35-1E1B2AE87DE8}.Debug|Any CPU.Build.0 = Debug|Any CPU
		{39494582-49EE-4205-9B35-1E1B2AE87DE8}.Release|Any CPU.ActiveCfg = Release|Any CPU
		{39494582-49EE-4205-9B35-1E1B2AE87DE8}.Release|Any CPU.Build.0 = Release|Any CPU
		{B09024AB-FE9D-414B-84B9-E7AC26DB2F4E}.Debug|Any CPU.ActiveCfg = Debug|Any CPU
		{B09024AB-FE9D-414B-84B9-E7AC26DB2F4E}.Debug|Any CPU.Build.0 = Debug|Any CPU
		{B09024AB-FE9D-414B-84B9-E7AC26DB2F4E}.Release|Any CPU.ActiveCfg = Release|Any CPU
		{B09024AB-FE9D-414B-84B9-E7AC26DB2F4E}.Release|Any CPU.Build.0 = Release|Any CPU
		{278C2C95-8A34-4398-ADBC-61A886F7C9DF}.Debug|Any CPU.ActiveCfg = Debug|Any CPU
		{278C2C95-8A34-4398-ADBC-61A886F7C9DF}.Debug|Any CPU.Build.0 = Debug|Any CPU
		{278C2C95-8A34-4398-ADBC-61A886F7C9DF}.Release|Any CPU.ActiveCfg = Release|Any CPU
		{278C2C95-8A34-4398-ADBC-61A886F7C9DF}.Release|Any CPU.Build.0 = Release|Any CPU
		{B80C2ED4-EB6D-457A-A9E6-193517EFD371}.Debug|Any CPU.ActiveCfg = Debug|Any CPU
		{B80C2ED4-EB6D-457A-A9E6-193517EFD371}.Debug|Any CPU.Build.0 = Debug|Any CPU
		{B80C2ED4-EB6D-457A-A9E6-193517EFD371}.Release|Any CPU.ActiveCfg = Release|Any CPU
		{B80C2ED4-EB6D-457A-A9E6-193517EFD371}.Release|Any CPU.Build.0 = Release|Any CPU
		{256339A0-BCDD-4C14-9AD3-38E965C0C924}.Debug|Any CPU.ActiveCfg = Debug|Any CPU
		{256339A0-BCDD-4C14-9AD3-38E965C0C924}.Debug|Any CPU.Build.0 = Debug|Any CPU
		{256339A0-BCDD-4C14-9AD3-38E965C0C924}.Release|Any CPU.ActiveCfg = Release|Any CPU
		{256339A0-BCDD-4C14-9AD3-38E965C0C924}.Release|Any CPU.Build.0 = Release|Any CPU
		{5D3AE7AC-07D0-4A64-B331-0412BB3D6649}.Debug|Any CPU.ActiveCfg = Debug|Any CPU
		{5D3AE7AC-07D0-4A64-B331-0412BB3D6649}.Debug|Any CPU.Build.0 = Debug|Any CPU
		{5D3AE7AC-07D0-4A64-B331-0412BB3D6649}.Release|Any CPU.ActiveCfg = Release|Any CPU
		{5D3AE7AC-07D0-4A64-B331-0412BB3D6649}.Release|Any CPU.Build.0 = Release|Any CPU
		{0C214555-393E-4F00-B446-96319BE0BBA2}.Debug|Any CPU.ActiveCfg = Debug|Any CPU
		{0C214555-393E-4F00-B446-96319BE0BBA2}.Debug|Any CPU.Build.0 = Debug|Any CPU
		{0C214555-393E-4F00-B446-96319BE0BBA2}.Release|Any CPU.ActiveCfg = Release|Any CPU
		{0C214555-393E-4F00-B446-96319BE0BBA2}.Release|Any CPU.Build.0 = Release|Any CPU
		{60A74091-A370-431D-B5CA-3877C0F2FE80}.Debug|Any CPU.ActiveCfg = Debug|Any CPU
		{60A74091-A370-431D-B5CA-3877C0F2FE80}.Debug|Any CPU.Build.0 = Debug|Any CPU
		{60A74091-A370-431D-B5CA-3877C0F2FE80}.Release|Any CPU.ActiveCfg = Release|Any CPU
		{60A74091-A370-431D-B5CA-3877C0F2FE80}.Release|Any CPU.Build.0 = Release|Any CPU
		{A133DB93-836E-417A-A3F7-F3EE92882944}.Debug|Any CPU.ActiveCfg = Debug|Any CPU
		{A133DB93-836E-417A-A3F7-F3EE92882944}.Debug|Any CPU.Build.0 = Debug|Any CPU
		{A133DB93-836E-417A-A3F7-F3EE92882944}.Release|Any CPU.ActiveCfg = Release|Any CPU
		{A133DB93-836E-417A-A3F7-F3EE92882944}.Release|Any CPU.Build.0 = Release|Any CPU
	EndGlobalSection
	GlobalSection(SolutionProperties) = preSolution
		HideSolutionNode = FALSE
	EndGlobalSection
	GlobalSection(NestedProjects) = preSolution
		{260BEC8F-831F-4DF2-ADE0-662D5D870719} = {02950BCD-2D94-4E83-8B7A-D3275531C424}
		{BF19D730-4300-4934-A744-605AAECD13F8} = {02950BCD-2D94-4E83-8B7A-D3275531C424}
		{2DA33EF4-129E-47D5-93A5-54E9B24F5615} = {02950BCD-2D94-4E83-8B7A-D3275531C424}
		{39494582-49EE-4205-9B35-1E1B2AE87DE8} = {FE7CC288-1ABB-4454-B3C9-F4EFA95FA3F7}
		{B09024AB-FE9D-414B-84B9-E7AC26DB2F4E} = {FE7CC288-1ABB-4454-B3C9-F4EFA95FA3F7}
		{278C2C95-8A34-4398-ADBC-61A886F7C9DF} = {FE7CC288-1ABB-4454-B3C9-F4EFA95FA3F7}
		{B80C2ED4-EB6D-457A-A9E6-193517EFD371} = {F5E80864-890D-434F-A9F1-FCEDD63C1B15}
		{256339A0-BCDD-4C14-9AD3-38E965C0C924} = {F5E80864-890D-434F-A9F1-FCEDD63C1B15}
		{5D3AE7AC-07D0-4A64-B331-0412BB3D6649} = {F5E80864-890D-434F-A9F1-FCEDD63C1B15}
		{0C214555-393E-4F00-B446-96319BE0BBA2} = {C4A1D90C-28B3-4BBE-B6C7-904D4CA74B9C}
		{60A74091-A370-431D-B5CA-3877C0F2FE80} = {C4A1D90C-28B3-4BBE-B6C7-904D4CA74B9C}
		{A133DB93-836E-417A-A3F7-F3EE92882944} = {C4A1D90C-28B3-4BBE-B6C7-904D4CA74B9C}
	EndGlobalSection
	GlobalSection(ExtensibilityGlobals) = postSolution
		SolutionGuid = {865154EA-BF84-40C1-9387-8337F1AB485F}
	EndGlobalSection
EndGlobal
